
Microsoft Visual Studio Solution File, Format Version 12.00
# Visual Studio Version 17
VisualStudioVersion = 17.0.32112.339
MinimumVisualStudioVersion = 10.0.40219.1
Project("{FAE04EC0-301F-11D3-BF4B-00C04F79EFBC}") = "NinjectEX", "NinjectEX\NinjectEX.csproj", "{0D003DC4-254E-42D2-8258-A8A333D2A1D6}"
EndProject
Global
	GlobalSection(SolutionConfigurationPlatforms) = preSolution
		Debug|Any CPU = Debug|Any CPU
		Release|Any CPU = Release|Any CPU
	EndGlobalSection
	GlobalSection(ProjectConfigurationPlatforms) = postSolution
		{0D003DC4-254E-42D2-8258-A8A333D2A1D6}.Debug|Any CPU.ActiveCfg = Debug|Any CPU
		{0D003DC4-254E-42D2-8258-A8A333D2A1D6}.Debug|Any CPU.Build.0 = Debug|Any CPU
		{0D003DC4-254E-42D2-8258-A8A333D2A1D6}.Release|Any CPU.ActiveCfg = Release|Any CPU
		{0D003DC4-254E-42D2-8258-A8A333D2A1D6}.Release|Any CPU.Build.0 = Release|Any CPU
	EndGlobalSection
	GlobalSection(SolutionProperties) = preSolution
		HideSolutionNode = FALSE
	EndGlobalSection
	GlobalSection(ExtensibilityGlobals) = postSolution
		SolutionGuid = {24C684F4-CB11-459A-81F4-90CEC95C2957}
	EndGlobalSection
EndGlobal
